
Microsoft Visual Studio Solution File, Format Version 12.00
# Visual Studio Version 16
VisualStudioVersion = 16.0.31515.178
MinimumVisualStudioVersion = 10.0.40219.1
Project("{FAE04EC0-301F-11D3-BF4B-00C04F79EFBC}") = "Cash Register System CSV", "Cash Register System CVS\Cash Register System CSV.csproj", "{3D7937C6-6557-4D26-B6A7-3BFDF3738985}"
EndProject
Global
	GlobalSection(SolutionConfigurationPlatforms) = preSolution
		Debug|Any CPU = Debug|Any CPU
		Release|Any CPU = Release|Any CPU
	EndGlobalSection
	GlobalSection(ProjectConfigurationPlatforms) = postSolution
		{3D7937C6-6557-4D26-B6A7-3BFDF3738985}.Debug|Any CPU.ActiveCfg = Debug|Any CPU
		{3D7937C6-6557-4D26-B6A7-3BFDF3738985}.Debug|Any CPU.Build.0 = Debug|Any CPU
		{3D7937C6-6557-4D26-B6A7-3BFDF3738985}.Release|Any CPU.ActiveCfg = Release|Any CPU
		{3D7937C6-6557-4D26-B6A7-3BFDF3738985}.Release|Any CPU.Build.0 = Release|Any CPU
	EndGlobalSection
	GlobalSection(SolutionProperties) = preSolution
		HideSolutionNode = FALSE
	EndGlobalSection
	GlobalSection(ExtensibilityGlobals) = postSolution
		SolutionGuid = {E5B66480-612D-4CCA-A342-FBACFDEA317F}
	EndGlobalSection
EndGlobal
